
Microsoft Visual Studio Solution File, Format Version 12.00
# TcXaeShell Solution File, Format Version 11.00
VisualStudioVersion = 17.10.35827.194
MinimumVisualStudioVersion = 10.0.40219.1
Project("{B1E792BE-AA5F-4E3C-8C82-674BF9C0715B}") = "TwinCAT Projekt2scratch", "TwinCAT Projekt2scratch\TwinCAT Projekt2scratch.tsproj", "{FB4E386B-710E-49BD-8B17-B0F2D356827B}"
EndProject
Global
	GlobalSection(SolutionConfigurationPlatforms) = preSolution
		Debug|TwinCAT OS (ARMV7-A) = Debug|TwinCAT OS (ARMV7-A)
		Debug|TwinCAT OS (ARMV7-M) = Debug|TwinCAT OS (ARMV7-M)
		Debug|TwinCAT OS (ARMV8-A) = Debug|TwinCAT OS (ARMV8-A)
		Debug|TwinCAT OS (x64) = Debug|TwinCAT OS (x64)
		Debug|TwinCAT RT (x64) = Debug|TwinCAT RT (x64)
		Debug|TwinCAT RT (x86) = Debug|TwinCAT RT (x86)
		Release|TwinCAT OS (ARMV7-A) = Release|TwinCAT OS (ARMV7-A)
		Release|TwinCAT OS (ARMV7-M) = Release|TwinCAT OS (ARMV7-M)
		Release|TwinCAT OS (ARMV8-A) = Release|TwinCAT OS (ARMV8-A)
		Release|TwinCAT OS (x64) = Release|TwinCAT OS (x64)
		Release|TwinCAT RT (x64) = Release|TwinCAT RT (x64)
		Release|TwinCAT RT (x86) = Release|TwinCAT RT (x86)
	EndGlobalSection
	GlobalSection(ProjectConfigurationPlatforms) = postSolution
		{FB4E386B-710E-49BD-8B17-B0F2D356827B}.Debug|TwinCAT OS (ARMV7-A).ActiveCfg = Debug|TwinCAT OS (ARMV7-A)
		{FB4E386B-710E-49BD-8B17-B0F2D356827B}.Debug|TwinCAT OS (ARMV7-A).Build.0 = Debug|TwinCAT OS (ARMV7-A)
		{FB4E386B-710E-49BD-8B17-B0F2D356827B}.Debug|TwinCAT OS (ARMV7-M).ActiveCfg = Debug|TwinCAT OS (ARMV7-M)
		{FB4E386B-710E-49BD-8B17-B0F2D356827B}.Debug|TwinCAT OS (ARMV7-M).Build.0 = Debug|TwinCAT OS (ARMV7-M)
		{FB4E386B-710E-49BD-8B17-B0F2D356827B}.Debug|TwinCAT OS (ARMV8-A).ActiveCfg = Debug|TwinCAT OS (ARMV8-A)
		{FB4E386B-710E-49BD-8B17-B0F2D356827B}.Debug|TwinCAT OS (ARMV8-A).Build.0 = Debug|TwinCAT OS (ARMV8-A)
		{FB4E386B-710E-49BD-8B17-B0F2D356827B}.Debug|TwinCAT OS (x64).ActiveCfg = Debug|TwinCAT OS (x64)
		{FB4E386B-710E-49BD-8B17-B0F2D356827B}.Debug|TwinCAT OS (x64).Build.0 = Debug|TwinCAT OS (x64)
		{FB4E386B-710E-49BD-8B17-B0F2D356827B}.Debug|TwinCAT RT (x64).ActiveCfg = Debug|TwinCAT RT (x64)
		{FB4E386B-710E-49BD-8B17-B0F2D356827B}.Debug|TwinCAT RT (x64).Build.0 = Debug|TwinCAT RT (x64)
		{FB4E386B-710E-49BD-8B17-B0F2D356827B}.Debug|TwinCAT RT (x86).ActiveCfg = Debug|TwinCAT RT (x86)
		{FB4E386B-710E-49BD-8B17-B0F2D356827B}.Debug|TwinCAT RT (x86).Build.0 = Debug|TwinCAT RT (x86)
		{FB4E386B-710E-49BD-8B17-B0F2D356827B}.Release|TwinCAT OS (ARMV7-A).ActiveCfg = Release|TwinCAT OS (ARMV7-A)
		{FB4E386B-710E-49BD-8B17-B0F2D356827B}.Release|TwinCAT OS (ARMV7-A).Build.0 = Release|TwinCAT OS (ARMV7-A)
		{FB4E386B-710E-49BD-8B17-B0F2D356827B}.Release|TwinCAT OS (ARMV7-M).ActiveCfg = Release|TwinCAT OS (ARMV7-M)
		{FB4E386B-710E-49BD-8B17-B0F2D356827B}.Release|TwinCAT OS (ARMV7-M).Build.0 = Release|TwinCAT OS (ARMV7-M)
		{FB4E386B-710E-49BD-8B17-B0F2D356827B}.Release|TwinCAT OS (ARMV8-A).ActiveCfg = Release|TwinCAT OS (ARMV8-A)
		{FB4E386B-710E-49BD-8B17-B0F2D356827B}.Release|TwinCAT OS (ARMV8-A).Build.0 = Release|TwinCAT OS (ARMV8-A)
		{FB4E386B-710E-49BD-8B17-B0F2D356827B}.Release|TwinCAT OS (x64).ActiveCfg = Release|TwinCAT OS (x64)
		{FB4E386B-710E-49BD-8B17-B0F2D356827B}.Release|TwinCAT OS (x64).Build.0 = Release|TwinCAT OS (x64)
		{FB4E386B-710E-49BD-8B17-B0F2D356827B}.Release|TwinCAT RT (x64).ActiveCfg = Release|TwinCAT RT (x64)
		{FB4E386B-710E-49BD-8B17-B0F2D356827B}.Release|TwinCAT RT (x64).Build.0 = Release|TwinCAT RT (x64)
		{FB4E386B-710E-49BD-8B17-B0F2D356827B}.Release|TwinCAT RT (x86).ActiveCfg = Release|TwinCAT RT (x86)
		{FB4E386B-710E-49BD-8B17-B0F2D356827B}.Release|TwinCAT RT (x86).Build.0 = Release|TwinCAT RT (x86)
		{97C34804-3D4E-490F-96E7-A7047971A101}.Debug|TwinCAT OS (ARMV7-A).ActiveCfg = Debug|TwinCAT OS (ARMV7-A)
		{97C34804-3D4E-490F-96E7-A7047971A101}.Debug|TwinCAT OS (ARMV7-A).Build.0 = Debug|TwinCAT OS (ARMV7-A)
		{97C34804-3D4E-490F-96E7-A7047971A101}.Debug|TwinCAT OS (ARMV7-M).ActiveCfg = Debug|TwinCAT OS (ARMV7-M)
		{97C34804-3D4E-490F-96E7-A7047971A101}.Debug|TwinCAT OS (ARMV7-M).Build.0 = Debug|TwinCAT OS (ARMV7-M)
		{97C34804-3D4E-490F-96E7-A7047971A101}.Debug|TwinCAT OS (ARMV8-A).ActiveCfg = Debug|TwinCAT OS (ARMV8-A)
		{97C34804-3D4E-490F-96E7-A7047971A101}.Debug|TwinCAT OS (ARMV8-A).Build.0 = Debug|TwinCAT OS (ARMV8-A)
		{97C34804-3D4E-490F-96E7-A7047971A101}.Debug|TwinCAT OS (x64).ActiveCfg = Debug|TwinCAT OS (x64)
		{97C34804-3D4E-490F-96E7-A7047971A101}.Debug|TwinCAT OS (x64).Build.0 = Debug|TwinCAT OS (x64)
		{97C34804-3D4E-490F-96E7-A7047971A101}.Debug|TwinCAT RT (x64).ActiveCfg = Debug|TwinCAT RT (x64)
		{97C34804-3D4E-490F-96E7-A7047971A101}.Debug|TwinCAT RT (x64).Build.0 = Debug|TwinCAT RT (x64)
		{97C34804-3D4E-490F-96E7-A7047971A101}.Debug|TwinCAT RT (x86).ActiveCfg = Debug|TwinCAT RT (x86)
		{97C34804-3D4E-490F-96E7-A7047971A101}.Debug|TwinCAT RT (x86).Build.0 = Debug|TwinCAT RT (x86)
		{97C34804-3D4E-490F-96E7-A7047971A101}.Release|TwinCAT OS (ARMV7-A).ActiveCfg = Release|TwinCAT OS (ARMV7-A)
		{97C34804-3D4E-490F-96E7-A7047971A101}.Release|TwinCAT OS (ARMV7-A).Build.0 = Release|TwinCAT OS (ARMV7-A)
		{97C34804-3D4E-490F-96E7-A7047971A101}.Release|TwinCAT OS (ARMV7-M).ActiveCfg = Release|TwinCAT OS (ARMV7-M)
		{97C34804-3D4E-490F-96E7-A7047971A101}.Release|TwinCAT OS (ARMV7-M).Build.0 = Release|TwinCAT OS (ARMV7-M)
		{97C34804-3D4E-490F-96E7-A7047971A101}.Release|TwinCAT OS (ARMV8-A).ActiveCfg = Release|TwinCAT OS (ARMV8-A)
		{97C34804-3D4E-490F-96E7-A7047971A101}.Release|TwinCAT OS (ARMV8-A).Build.0 = Release|TwinCAT OS (ARMV8-A)
		{97C34804-3D4E-490F-96E7-A7047971A101}.Release|TwinCAT OS (x64).ActiveCfg = Release|TwinCAT OS (x64)
		{97C34804-3D4E-490F-96E7-A7047971A101}.Release|TwinCAT OS (x64).Build.0 = Release|TwinCAT OS (x64)
		{97C34804-3D4E-490F-96E7-A7047971A101}.Release|TwinCAT RT (x64).ActiveCfg = Release|TwinCAT RT (x64)
		{97C34804-3D4E-490F-96E7-A7047971A101}.Release|TwinCAT RT (x64).Build.0 = Release|TwinCAT RT (x64)
		{97C34804-3D4E-490F-96E7-A7047971A101}.Release|TwinCAT RT (x86).ActiveCfg = Release|TwinCAT RT (x86)
		{97C34804-3D4E-490F-96E7-A7047971A101}.Release|TwinCAT RT (x86).Build.0 = Release|TwinCAT RT (x86)
	EndGlobalSection
	GlobalSection(SolutionProperties) = preSolution
		HideSolutionNode = FALSE
	EndGlobalSection
	GlobalSection(ExtensibilityGlobals) = postSolution
		SolutionGuid = {6433D2D2-DC25-4408-B3BE-A7FCABF4BD03}
	EndGlobalSection
EndGlobal
